// !$*UTF8*$!
{
	archiveVersion = 1;
	classes = {
	};
	objectVersion = 50;
	objects = {

/* Begin PBXBuildFile section */
		7F2468D026CD50F6000B2AB5 /* AppDelegate.swift in Sources */ = {isa = PBXBuildFile; fileRef = 7F2468CF26CD50F6000B2AB5 /* AppDelegate.swift */; };
		7F2468D426CD50F8000B2AB5 /* Assets.xcassets in Resources */ = {isa = PBXBuildFile; fileRef = 7F2468D326CD50F8000B2AB5 /* Assets.xcassets */; };
		7F2468D726CD50F8000B2AB5 /* Preview Assets.xcassets in Resources */ = {isa = PBXBuildFile; fileRef = 7F2468D626CD50F8000B2AB5 /* Preview Assets.xcassets */; };
		7F2468DA26CD50F8000B2AB5 /* Main.storyboard in Resources */ = {isa = PBXBuildFile; fileRef = 7F2468D826CD50F8000B2AB5 /* Main.storyboard */; };
		7FE12E6126CD83C9001D1B24 /* Emojis.swift in Sources */ = {isa = PBXBuildFile; fileRef = 7FE12E6026CD83C9001D1B24 /* Emojis.swift */; };
		7FECA17526D0054A000E7276 /* Fuzzy.swift in Sources */ = {isa = PBXBuildFile; fileRef = 7FECA17426D0054A000E7276 /* Fuzzy.swift */; };
/* End PBXBuildFile section */

/* Begin PBXContainerItemProxy section */
		7F2468E226CD50F8000B2AB5 /* PBXContainerItemProxy */ = {
			isa = PBXContainerItemProxy;
			containerPortal = 7F2468C426CD50F6000B2AB5 /* Project object */;
			proxyType = 1;
			remoteGlobalIDString = 7F2468CB26CD50F6000B2AB5;
			remoteInfo = qmoji;
		};
		7F2468ED26CD50F8000B2AB5 /* PBXContainerItemProxy */ = {
			isa = PBXContainerItemProxy;
			containerPortal = 7F2468C426CD50F6000B2AB5 /* Project object */;
			proxyType = 1;
			remoteGlobalIDString = 7F2468CB26CD50F6000B2AB5;
			remoteInfo = qmoji;
		};
/* End PBXContainerItemProxy section */

/* Begin PBXFileReference section */
		7F2468CC26CD50F6000B2AB5 /* qmoji.app */ = {isa = PBXFileReference; explicitFileType = wrapper.application; includeInIndex = 0; path = qmoji.app; sourceTree = BUILT_PRODUCTS_DIR; };
		7F2468CF26CD50F6000B2AB5 /* AppDelegate.swift */ = {isa = PBXFileReference; lastKnownFileType = sourcecode.swift; path = AppDelegate.swift; sourceTree = "<group>"; };
		7F2468D326CD50F8000B2AB5 /* Assets.xcassets */ = {isa = PBXFileReference; lastKnownFileType = folder.assetcatalog; path = Assets.xcassets; sourceTree = "<group>"; };
		7F2468D626CD50F8000B2AB5 /* Preview Assets.xcassets */ = {isa = PBXFileReference; lastKnownFileType = folder.assetcatalog; path = "Preview Assets.xcassets"; sourceTree = "<group>"; };
		7F2468D926CD50F8000B2AB5 /* Base */ = {isa = PBXFileReference; lastKnownFileType = file.storyboard; name = Base; path = Base.lproj/Main.storyboard; sourceTree = "<group>"; };
		7F2468DB26CD50F8000B2AB5 /* Info.plist */ = {isa = PBXFileReference; lastKnownFileType = text.plist.xml; path = Info.plist; sourceTree = "<group>"; };
		7F2468DC26CD50F8000B2AB5 /* qmoji.entitlements */ = {isa = PBXFileReference; lastKnownFileType = text.plist.entitlements; path = qmoji.entitlements; sourceTree = "<group>"; };
		7F2468E126CD50F8000B2AB5 /* qmojiTests.xctest */ = {isa = PBXFileReference; explicitFileType = wrapper.cfbundle; includeInIndex = 0; path = qmojiTests.xctest; sourceTree = BUILT_PRODUCTS_DIR; };
		7F2468EC26CD50F8000B2AB5 /* qmojiUITests.xctest */ = {isa = PBXFileReference; explicitFileType = wrapper.cfbundle; includeInIndex = 0; path = qmojiUITests.xctest; sourceTree = BUILT_PRODUCTS_DIR; };
		7FE12E6026CD83C9001D1B24 /* Emojis.swift */ = {isa = PBXFileReference; lastKnownFileType = sourcecode.swift; path = Emojis.swift; sourceTree = "<group>"; };
		7FECA17426D0054A000E7276 /* Fuzzy.swift */ = {isa = PBXFileReference; lastKnownFileType = sourcecode.swift; path = Fuzzy.swift; sourceTree = "<group>"; };
/* End PBXFileReference section */

/* Begin PBXFrameworksBuildPhase section */
		7F2468C926CD50F6000B2AB5 /* Frameworks */ = {
			isa = PBXFrameworksBuildPhase;
			buildActionMask = 2147483647;
			files = (
			);
			runOnlyForDeploymentPostprocessing = 0;
		};
		7F2468DE26CD50F8000B2AB5 /* Frameworks */ = {
			isa = PBXFrameworksBuildPhase;
			buildActionMask = 2147483647;
			files = (
			);
			runOnlyForDeploymentPostprocessing = 0;
		};
		7F2468E926CD50F8000B2AB5 /* Frameworks */ = {
			isa = PBXFrameworksBuildPhase;
			buildActionMask = 2147483647;
			files = (
			);
			runOnlyForDeploymentPostprocessing = 0;
		};
/* End PBXFrameworksBuildPhase section */

/* Begin PBXGroup section */
		7F2468C326CD50F6000B2AB5 = {
			isa = PBXGroup;
			children = (
				7F2468CE26CD50F6000B2AB5 /* qmoji */,
				7F2468CD26CD50F6000B2AB5 /* Products */,
			);
			sourceTree = "<group>";
		};
		7F2468CD26CD50F6000B2AB5 /* Products */ = {
			isa = PBXGroup;
			children = (
				7F2468CC26CD50F6000B2AB5 /* qmoji.app */,
				7F2468E126CD50F8000B2AB5 /* qmojiTests.xctest */,
				7F2468EC26CD50F8000B2AB5 /* qmojiUITests.xctest */,
			);
			name = Products;
			sourceTree = "<group>";
		};
		7F2468CE26CD50F6000B2AB5 /* qmoji */ = {
			isa = PBXGroup;
			children = (
				7F2468CF26CD50F6000B2AB5 /* AppDelegate.swift */,
				7FECA17426D0054A000E7276 /* Fuzzy.swift */,
				7F2468D326CD50F8000B2AB5 /* Assets.xcassets */,
				7F2468D826CD50F8000B2AB5 /* Main.storyboard */,
				7F2468DB26CD50F8000B2AB5 /* Info.plist */,
				7F2468DC26CD50F8000B2AB5 /* qmoji.entitlements */,
				7F2468D526CD50F8000B2AB5 /* Preview Content */,
				7FE12E6026CD83C9001D1B24 /* Emojis.swift */,
			);
			path = qmoji;
			sourceTree = "<group>";
		};
		7F2468D526CD50F8000B2AB5 /* Preview Content */ = {
			isa = PBXGroup;
			children = (
				7F2468D626CD50F8000B2AB5 /* Preview Assets.xcassets */,
			);
			path = "Preview Content";
			sourceTree = "<group>";
		};
/* End PBXGroup section */

/* Begin PBXNativeTarget section */
		7F2468CB26CD50F6000B2AB5 /* qmoji */ = {
			isa = PBXNativeTarget;
			buildConfigurationList = 7F2468F526CD50F8000B2AB5 /* Build configuration list for PBXNativeTarget "qmoji" */;
			buildPhases = (
				7F2468C826CD50F6000B2AB5 /* Sources */,
				7F2468C926CD50F6000B2AB5 /* Frameworks */,
				7F2468CA26CD50F6000B2AB5 /* Resources */,
			);
			buildRules = (
			);
			dependencies = (
			);
			name = qmoji;
			packageProductDependencies = (
			);
			productName = qmoji;
			productReference = 7F2468CC26CD50F6000B2AB5 /* qmoji.app */;
			productType = "com.apple.product-type.application";
		};
		7F2468E026CD50F8000B2AB5 /* qmojiTests */ = {
			isa = PBXNativeTarget;
			buildConfigurationList = 7F2468F826CD50F8000B2AB5 /* Build configuration list for PBXNativeTarget "qmojiTests" */;
			buildPhases = (
				7F2468DD26CD50F8000B2AB5 /* Sources */,
				7F2468DE26CD50F8000B2AB5 /* Frameworks */,
				7F2468DF26CD50F8000B2AB5 /* Resources */,
			);
			buildRules = (
			);
			dependencies = (
				7F2468E326CD50F8000B2AB5 /* PBXTargetDependency */,
			);
			name = qmojiTests;
			productName = qmojiTests;
			productReference = 7F2468E126CD50F8000B2AB5 /* qmojiTests.xctest */;
			productType = "com.apple.product-type.bundle.unit-test";
		};
		7F2468EB26CD50F8000B2AB5 /* qmojiUITests */ = {
			isa = PBXNativeTarget;
			buildConfigurationList = 7F2468FB26CD50F8000B2AB5 /* Build configuration list for PBXNativeTarget "qmojiUITests" */;
			buildPhases = (
				7F2468E826CD50F8000B2AB5 /* Sources */,
				7F2468E926CD50F8000B2AB5 /* Frameworks */,
				7F2468EA26CD50F8000B2AB5 /* Resources */,
			);
			buildRules = (
			);
			dependencies = (
				7F2468EE26CD50F8000B2AB5 /* PBXTargetDependency */,
			);
			name = qmojiUITests;
			productName = qmojiUITests;
			productReference = 7F2468EC26CD50F8000B2AB5 /* qmojiUITests.xctest */;
			productType = "com.apple.product-type.bundle.ui-testing";
		};
/* End PBXNativeTarget section */

/* Begin PBXProject section */
		7F2468C426CD50F6000B2AB5 /* Project object */ = {
			isa = PBXProject;
			attributes = {
				LastSwiftUpdateCheck = 1240;
				LastUpgradeCheck = 1240;
				TargetAttributes = {
					7F2468CB26CD50F6000B2AB5 = {
						CreatedOnToolsVersion = 12.4;
						LastSwiftMigration = 1240;
					};
					7F2468E026CD50F8000B2AB5 = {
						CreatedOnToolsVersion = 12.4;
						TestTargetID = 7F2468CB26CD50F6000B2AB5;
					};
					7F2468EB26CD50F8000B2AB5 = {
						CreatedOnToolsVersion = 12.4;
						TestTargetID = 7F2468CB26CD50F6000B2AB5;
					};
				};
			};
			buildConfigurationList = 7F2468C726CD50F6000B2AB5 /* Build configuration list for PBXProject "qmoji" */;
			compatibilityVersion = "Xcode 9.3";
			developmentRegion = en;
			hasScannedForEncodings = 0;
			knownRegions = (
				en,
				Base,
			);
			mainGroup = 7F2468C326CD50F6000B2AB5;
			packageReferences = (
			);
			productRefGroup = 7F2468CD26CD50F6000B2AB5 /* Products */;
			projectDirPath = "";
			projectRoot = "";
			targets = (
				7F2468CB26CD50F6000B2AB5 /* qmoji */,
				7F2468E026CD50F8000B2AB5 /* qmojiTests */,
				7F2468EB26CD50F8000B2AB5 /* qmojiUITests */,
			);
		};
/* End PBXProject section */

/* Begin PBXResourcesBuildPhase section */
		7F2468CA26CD50F6000B2AB5 /* Resources */ = {
			isa = PBXResourcesBuildPhase;
			buildActionMask = 2147483647;
			files = (
				7F2468DA26CD50F8000B2AB5 /* Main.storyboard in Resources */,
				7F2468D726CD50F8000B2AB5 /* Preview Assets.xcassets in Resources */,
				7F2468D426CD50F8000B2AB5 /* Assets.xcassets in Resources */,
			);
			runOnlyForDeploymentPostprocessing = 0;
		};
		7F2468DF26CD50F8000B2AB5 /* Resources */ = {
			isa = PBXResourcesBuildPhase;
			buildActionMask = 2147483647;
			files = (
			);
			runOnlyForDeploymentPostprocessing = 0;
		};
		7F2468EA26CD50F8000B2AB5 /* Resources */ = {
			isa = PBXResourcesBuildPhase;
			buildActionMask = 2147483647;
			files = (
			);
			runOnlyForDeploymentPostprocessing = 0;
		};
/* End PBXResourcesBuildPhase section */

/* Begin PBXSourcesBuildPhase section */
		7F2468C826CD50F6000B2AB5 /* Sources */ = {
			isa = PBXSourcesBuildPhase;
			buildActionMask = 2147483647;
			files = (
				7FE12E6126CD83C9001D1B24 /* Emojis.swift in Sources */,
				7FECA17526D0054A000E7276 /* Fuzzy.swift in Sources */,
				7F2468D026CD50F6000B2AB5 /* AppDelegate.swift in Sources */,
			);
			runOnlyForDeploymentPostprocessing = 0;
		};
		7F2468DD26CD50F8000B2AB5 /* Sources */ = {
			isa = PBXSourcesBuildPhase;
			buildActionMask = 2147483647;
			files = (
			);
			runOnlyForDeploymentPostprocessing = 0;
		};
		7F2468E826CD50F8000B2AB5 /* Sources */ = {
			isa = PBXSourcesBuildPhase;
			buildActionMask = 2147483647;
			files = (
			);
			runOnlyForDeploymentPostprocessing = 0;
		};
/* End PBXSourcesBuildPhase section */

/* Begin PBXTargetDependency section */
		7F2468E326CD50F8000B2AB5 /* PBXTargetDependency */ = {
			isa = PBXTargetDependency;
			target = 7F2468CB26CD50F6000B2AB5 /* qmoji */;
			targetProxy = 7F2468E226CD50F8000B2AB5 /* PBXContainerItemProxy */;
		};
		7F2468EE26CD50F8000B2AB5 /* PBXTargetDependency */ = {
			isa = PBXTargetDependency;
			target = 7F2468CB26CD50F6000B2AB5 /* qmoji */;
			targetProxy = 7F2468ED26CD50F8000B2AB5 /* PBXContainerItemProxy */;
		};
/* End PBXTargetDependency section */

/* Begin PBXVariantGroup section */
		7F2468D826CD50F8000B2AB5 /* Main.storyboard */ = {
			isa = PBXVariantGroup;
			children = (
				7F2468D926CD50F8000B2AB5 /* Base */,
			);
			name = Main.storyboard;
			sourceTree = "<group>";
		};
/* End PBXVariantGroup section */

/* Begin XCBuildConfiguration section */
		7F2468F326CD50F8000B2AB5 /* Debug */ = {
			isa = XCBuildConfiguration;
			buildSettings = {
				ALWAYS_SEARCH_USER_PATHS = NO;
				CLANG_ANALYZER_NONNULL = YES;
				CLANG_ANALYZER_NUMBER_OBJECT_CONVERSION = YES_AGGRESSIVE;
				CLANG_CXX_LANGUAGE_STANDARD = "gnu++14";
				CLANG_CXX_LIBRARY = "libc++";
				CLANG_ENABLE_MODULES = YES;
				CLANG_ENABLE_OBJC_ARC = YES;
				CLANG_ENABLE_OBJC_WEAK = YES;
				CLANG_WARN_BLOCK_CAPTURE_AUTORELEASING = YES;
				CLANG_WARN_BOOL_CONVERSION = YES;
				CLANG_WARN_COMMA = YES;
				CLANG_WARN_CONSTANT_CONVERSION = YES;
				CLANG_WARN_DEPRECATED_OBJC_IMPLEMENTATIONS = YES;
				CLANG_WARN_DIRECT_OBJC_ISA_USAGE = YES_ERROR;
				CLANG_WARN_DOCUMENTATION_COMMENTS = YES;
				CLANG_WARN_EMPTY_BODY = YES;
				CLANG_WARN_ENUM_CONVERSION = YES;
				CLANG_WARN_INFINITE_RECURSION = YES;
				CLANG_WARN_INT_CONVERSION = YES;
				CLANG_WARN_NON_LITERAL_NULL_CONVERSION = YES;
				CLANG_WARN_OBJC_IMPLICIT_RETAIN_SELF = YES;
				CLANG_WARN_OBJC_LITERAL_CONVERSION = YES;
				CLANG_WARN_OBJC_ROOT_CLASS = YES_ERROR;
				CLANG_WARN_QUOTED_INCLUDE_IN_FRAMEWORK_HEADER = YES;
				CLANG_WARN_RANGE_LOOP_ANALYSIS = YES;
				CLANG_WARN_STRICT_PROTOTYPES = YES;
				CLANG_WARN_SUSPICIOUS_MOVE = YES;
				CLANG_WARN_UNGUARDED_AVAILABILITY = YES_AGGRESSIVE;
				CLANG_WARN_UNREACHABLE_CODE = YES;
				CLANG_WARN__DUPLICATE_METHOD_MATCH = YES;
				COPY_PHASE_STRIP = NO;
				DEBUG_INFORMATION_FORMAT = dwarf;
				ENABLE_STRICT_OBJC_MSGSEND = YES;
				ENABLE_TESTABILITY = YES;
				GCC_C_LANGUAGE_STANDARD = gnu11;
				GCC_DYNAMIC_NO_PIC = NO;
				GCC_NO_COMMON_BLOCKS = YES;
				GCC_OPTIMIZATION_LEVEL = 0;
				GCC_PREPROCESSOR_DEFINITIONS = (
					"DEBUG=1",
					"$(inherited)",
				);
				GCC_WARN_64_TO_32_BIT_CONVERSION = YES;
				GCC_WARN_ABOUT_RETURN_TYPE = YES_ERROR;
				GCC_WARN_UNDECLARED_SELECTOR = YES;
				GCC_WARN_UNINITIALIZED_AUTOS = YES_AGGRESSIVE;
				GCC_WARN_UNUSED_FUNCTION = YES;
				GCC_WARN_UNUSED_VARIABLE = YES;
				MACOSX_DEPLOYMENT_TARGET = 10.15;
				MTL_ENABLE_DEBUG_INFO = INCLUDE_SOURCE;
				MTL_FAST_MATH = YES;
				ONLY_ACTIVE_ARCH = YES;
				SDKROOT = macosx;
				SWIFT_ACTIVE_COMPILATION_CONDITIONS = DEBUG;
				SWIFT_OPTIMIZATION_LEVEL = "-Onone";
			};
			name = Debug;
		};
		7F2468F426CD50F8000B2AB5 /* Release */ = {
			isa = XCBuildConfiguration;
			buildSettings = {
				ALWAYS_SEARCH_USER_PATHS = NO;
				CLANG_ANALYZER_NONNULL = YES;
				CLANG_ANALYZER_NUMBER_OBJECT_CONVERSION = YES_AGGRESSIVE;
				CLANG_CXX_LANGUAGE_STANDARD = "gnu++14";
				CLANG_CXX_LIBRARY = "libc++";
				CLANG_ENABLE_MODULES = YES;
				CLANG_ENABLE_OBJC_ARC = YES;
				CLANG_ENABLE_OBJC_WEAK = YES;
				CLANG_WARN_BLOCK_CAPTURE_AUTORELEASING = YES;
				CLANG_WARN_BOOL_CONVERSION = YES;
				CLANG_WARN_COMMA = YES;
				CLANG_WARN_CONSTANT_CONVERSION = YES;
				CLANG_WARN_DEPRECATED_OBJC_IMPLEMENTATIONS = YES;
				CLANG_WARN_DIRECT_OBJC_ISA_USAGE = YES_ERROR;
				CLANG_WARN_DOCUMENTATION_COMMENTS = YES;
				CLANG_WARN_EMPTY_BODY = YES;
				CLANG_WARN_ENUM_CONVERSION = YES;
				CLANG_WARN_INFINITE_RECURSION = YES;
				CLANG_WARN_INT_CONVERSION = YES;
				CLANG_WARN_NON_LITERAL_NULL_CONVERSION = YES;
				CLANG_WARN_OBJC_IMPLICIT_RETAIN_SELF = YES;
				CLANG_WARN_OBJC_LITERAL_CONVERSION = YES;
				CLANG_WARN_OBJC_ROOT_CLASS = YES_ERROR;
				CLANG_WARN_QUOTED_INCLUDE_IN_FRAMEWORK_HEADER = YES;
				CLANG_WARN_RANGE_LOOP_ANALYSIS = YES;
				CLANG_WARN_STRICT_PROTOTYPES = YES;
				CLANG_WARN_SUSPICIOUS_MOVE = YES;
				CLANG_WARN_UNGUARDED_AVAILABILITY = YES_AGGRESSIVE;
				CLANG_WARN_UNREACHABLE_CODE = YES;
				CLANG_WARN__DUPLICATE_METHOD_MATCH = YES;
				COPY_PHASE_STRIP = NO;
				DEBUG_INFORMATION_FORMAT = "dwarf-with-dsym";
				ENABLE_NS_ASSERTIONS = NO;
				ENABLE_STRICT_OBJC_MSGSEND = YES;
				GCC_C_LANGUAGE_STANDARD = gnu11;
				GCC_NO_COMMON_BLOCKS = YES;
				GCC_WARN_64_TO_32_BIT_CONVERSION = YES;
				GCC_WARN_ABOUT_RETURN_TYPE = YES_ERROR;
				GCC_WARN_UNDECLARED_SELECTOR = YES;
				GCC_WARN_UNINITIALIZED_AUTOS = YES_AGGRESSIVE;
				GCC_WARN_UNUSED_FUNCTION = YES;
				GCC_WARN_UNUSED_VARIABLE = YES;
				MACOSX_DEPLOYMENT_TARGET = 10.15;
				MTL_ENABLE_DEBUG_INFO = NO;
				MTL_FAST_MATH = YES;
				SDKROOT = macosx;
				SWIFT_COMPILATION_MODE = wholemodule;
				SWIFT_OPTIMIZATION_LEVEL = "-O";
			};
			name = Release;
		};
		7F2468F626CD50F8000B2AB5 /* Debug */ = {
			isa = XCBuildConfiguration;
			buildSettings = {
				ASSETCATALOG_COMPILER_APPICON_NAME = AppIcon;
				ASSETCATALOG_COMPILER_GLOBAL_ACCENT_COLOR_NAME = AccentColor;
				CLANG_ENABLE_MODULES = YES;
				CODE_SIGN_ENTITLEMENTS = qmoji/qmoji.entitlements;
				CODE_SIGN_STYLE = Automatic;
				COMBINE_HIDPI_IMAGES = YES;
				DEVELOPMENT_ASSET_PATHS = "\"qmoji/Preview Content\"";
				ENABLE_PREVIEWS = YES;
				INFOPLIST_FILE = qmoji/Info.plist;
				LD_RUNPATH_SEARCH_PATHS = (
					"$(inherited)",
					"@executable_path/../Frameworks",
				);
				MACOSX_DEPLOYMENT_TARGET = 10.15;
				PRODUCT_BUNDLE_IDENTIFIER = com.jaredforsyth.qmoji;
				PRODUCT_NAME = "$(TARGET_NAME)";
				SWIFT_OPTIMIZATION_LEVEL = "-Onone";
				SWIFT_VERSION = 5.0;
			};
			name = Debug;
		};
		7F2468F726CD50F8000B2AB5 /* Release */ = {
			isa = XCBuildConfiguration;
			buildSettings = {
				ASSETCATALOG_COMPILER_APPICON_NAME = AppIcon;
				ASSETCATALOG_COMPILER_GLOBAL_ACCENT_COLOR_NAME = AccentColor;
				CLANG_ENABLE_MODULES = YES;
				CODE_SIGN_ENTITLEMENTS = qmoji/qmoji.entitlements;
				CODE_SIGN_STYLE = Automatic;
				COMBINE_HIDPI_IMAGES = YES;
				DEVELOPMENT_ASSET_PATHS = "\"qmoji/Preview Content\"";
				ENABLE_PREVIEWS = YES;
				INFOPLIST_FILE = qmoji/Info.plist;
				LD_RUNPATH_SEARCH_PATHS = (
					"$(inherited)",
					"@executable_path/../Frameworks",
				);
				MACOSX_DEPLOYMENT_TARGET = 10.15;
				PRODUCT_BUNDLE_IDENTIFIER = com.jaredforsyth.qmoji;
				PRODUCT_NAME = "$(TARGET_NAME)";
				SWIFT_VERSION = 5.0;
			};
			name = Release;
		};
		7F2468F926CD50F8000B2AB5 /* Debug */ = {
			isa = XCBuildConfiguration;
			buildSettings = {
				ALWAYS_EMBED_SWIFT_STANDARD_LIBRARIES = YES;
				BUNDLE_LOADER = "$(TEST_HOST)";
				CODE_SIGN_STYLE = Automatic;
				COMBINE_HIDPI_IMAGES = YES;
				INFOPLIST_FILE = qmojiTests/Info.plist;
				LD_RUNPATH_SEARCH_PATHS = (
					"$(inherited)",
					"@executable_path/../Frameworks",
					"@loader_path/../Frameworks",
				);
				MACOSX_DEPLOYMENT_TARGET = 10.15;
				PRODUCT_BUNDLE_IDENTIFIER = com.jaredforsyth.qmojiTests;
				PRODUCT_NAME = "$(TARGET_NAME)";
				SWIFT_VERSION = 5.0;
				TEST_HOST = "$(BUILT_PRODUCTS_DIR)/qmoji.app/Contents/MacOS/qmoji";
			};
			name = Debug;
		};
		7F2468FA26CD50F8000B2AB5 /* Release */ = {
			isa = XCBuildConfiguration;
			buildSettings = {
				ALWAYS_EMBED_SWIFT_STANDARD_LIBRARIES = YES;
				BUNDLE_LOADER = "$(TEST_HOST)";
				CODE_SIGN_STYLE = Automatic;
				COMBINE_HIDPI_IMAGES = YES;
				INFOPLIST_FILE = qmojiTests/Info.plist;
				LD_RUNPATH_SEARCH_PATHS = (
					"$(inherited)",
					"@executable_path/../Frameworks",
					"@loader_path/../Frameworks",
				);
				MACOSX_DEPLOYMENT_TARGET = 10.15;
				PRODUCT_BUNDLE_IDENTIFIER = com.jaredforsyth.qmojiTests;
				PRODUCT_NAME = "$(TARGET_NAME)";
				SWIFT_VERSION = 5.0;
				TEST_HOST = "$(BUILT_PRODUCTS_DIR)/qmoji.app/Contents/MacOS/qmoji";
			};
			name = Release;
		};
		7F2468FC26CD50F8000B2AB5 /* Debug */ = {
			isa = XCBuildConfiguration;
			buildSettings = {
				ALWAYS_EMBED_SWIFT_STANDARD_LIBRARIES = YES;
				CODE_SIGN_STYLE = Automatic;
				COMBINE_HIDPI_IMAGES = YES;
				INFOPLIST_FILE = qmojiUITests/Info.plist;
				LD_RUNPATH_SEARCH_PATHS = (
					"$(inherited)",
					"@executable_path/../Frameworks",
					"@loader_path/../Frameworks",
				);
				PRODUCT_BUNDLE_IDENTIFIER = com.jaredforsyth.qmojiUITests;
				PRODUCT_NAME = "$(TARGET_NAME)";
				SWIFT_VERSION = 5.0;
				TEST_TARGET_NAME = qmoji;
			};
			name = Debug;
		};
		7F2468FD26CD50F8000B2AB5 /* Release */ = {
			isa = XCBuildConfiguration;
			buildSettings = {
				ALWAYS_EMBED_SWIFT_STANDARD_LIBRARIES = YES;
				CODE_SIGN_STYLE = Automatic;
				COMBINE_HIDPI_IMAGES = YES;
				INFOPLIST_FILE = qmojiUITests/Info.plist;
				LD_RUNPATH_SEARCH_PATHS = (
					"$(inherited)",
					"@executable_path/../Frameworks",
					"@loader_path/../Frameworks",
				);
				PRODUCT_BUNDLE_IDENTIFIER = com.jaredforsyth.qmojiUITests;
				PRODUCT_NAME = "$(TARGET_NAME)";
				SWIFT_VERSION = 5.0;
				TEST_TARGET_NAME = qmoji;
			};
			name = Release;
		};
/* End XCBuildConfiguration section */

/* Begin XCConfigurationList section */
		7F2468C726CD50F6000B2AB5 /* Build configuration list for PBXProject "qmoji" */ = {
			isa = XCConfigurationList;
			buildConfigurations = (
				7F2468F326CD50F8000B2AB5 /* Debug */,
				7F2468F426CD50F8000B2AB5 /* Release */,
			);
			defaultConfigurationIsVisible = 0;
			defaultConfigurationName = Release;
		};
		7F2468F526CD50F8000B2AB5 /* Build configuration list for PBXNativeTarget "qmoji" */ = {
			isa = XCConfigurationList;
			buildConfigurations = (
				7F2468F626CD50F8000B2AB5 /* Debug */,
				7F2468F726CD50F8000B2AB5 /* Release */,
			);
			defaultConfigurationIsVisible = 0;
			defaultConfigurationName = Release;
		};
		7F2468F826CD50F8000B2AB5 /* Build configuration list for PBXNativeTarget "qmojiTests" */ = {
			isa = XCConfigurationList;
			buildConfigurations = (
				7F2468F926CD50F8000B2AB5 /* Debug */,
				7F2468FA26CD50F8000B2AB5 /* Release */,
			);
			defaultConfigurationIsVisible = 0;
			defaultConfigurationName = Release;
		};
		7F2468FB26CD50F8000B2AB5 /* Build configuration list for PBXNativeTarget "qmojiUITests" */ = {
			isa = XCConfigurationList;
			buildConfigurations = (
				7F2468FC26CD50F8000B2AB5 /* Debug */,
				7F2468FD26CD50F8000B2AB5 /* Release */,
			);
			defaultConfigurationIsVisible = 0;
			defaultConfigurationName = Release;
		};
/* End XCConfigurationList section */
	};
	rootObject = 7F2468C426CD50F6000B2AB5 /* Project object */;
}
